
Microsoft Visual Studio Solution File, Format Version 12.00
# Visual Studio Version 16
VisualStudioVersion = 16.0.29519.87
MinimumVisualStudioVersion = 10.0.40219.1
Project("{FAE04EC0-301F-11D3-BF4B-00C04F79EFBC}") = "MHWModManager", "MHWModManager\MHWModManager.csproj", "{B08F7169-BC88-429E-BB39-2447D9213075}"
EndProject
Global
	GlobalSection(SolutionConfigurationPlatforms) = preSolution
		Debug|Any CPU = Debug|Any CPU
		Release|Any CPU = Release|Any CPU
	EndGlobalSection
	GlobalSection(ProjectConfigurationPlatforms) = postSolution
		{B08F7169-BC88-429E-BB39-2447D9213075}.Debug|Any CPU.ActiveCfg = Debug|Any CPU
		{B08F7169-BC88-429E-BB39-2447D9213075}.Debug|Any CPU.Build.0 = Debug|Any CPU
		{B08F7169-BC88-429E-BB39-2447D9213075}.Release|Any CPU.ActiveCfg = Release|Any CPU
		{B08F7169-BC88-429E-BB39-2447D9213075}.Release|Any CPU.Build.0 = Release|Any CPU
	EndGlobalSection
	GlobalSection(SolutionProperties) = preSolution
		HideSolutionNode = FALSE
	EndGlobalSection
	GlobalSection(ExtensibilityGlobals) = postSolution
		SolutionGuid = {76184F5B-5431-425A-9BFC-C71A5D4E1913}
	EndGlobalSection
EndGlobal
